<?xml version="1.0" encoding="utf-8"?>
<Project ToolsVersion="4.0" xmlns="http://schemas.microsoft.com/developer/msbuild/2003">
  <ItemGroup>
    <Filter Include="Source Files">
      <UniqueIdentifier>{4FC737F1-C7A5-4376-A066-2A32D752A2FF}</UniqueIdentifier>
      <Extensions>cpp;c;cc;cxx;def;odl;idl;hpj;bat;asm;asmx</Extensions>
    </Filter>
    <Filter Include="Resource Files">
      <UniqueIdentifier>{67DA6AB6-F800-4c08-8B7A-83BB121AAD01}</UniqueIdentifier>
      <Extensions>rc;ico;cur;bmp;dlg;rc2;rct;bin;rgs;gif;jpg;jpeg;jpe;resx;tiff;tif;png;wav;mfcribbon-ms</Extensions>
    </Filter>
    <Filter Include="include">
      <UniqueIdentifier>{ffe08795-e426-4c8c-9d54-6f194942eebc}</UniqueIdentifier>
    </Filter>
  </ItemGroup>
  <ItemGroup>
    <ClInclude Include="include\Rigidbody.h">
      <Filter>include</Filter>
    </ClInclude>
    <ClInclude Include="src\PhysicsDll.h" />
    <ClInclude Include="include\PhysicsDll.h">
      <Filter>include</Filter>
    </ClInclude>
    <ClInclude Include="include\WorldObject.h">
      <Filter>include</Filter>
    </ClInclude>
    <ClInclude Include="include\Point2d.h">
      <Filter>include</Filter>
    </ClInclude>
    <ClInclude Include="include\World.h">
      <Filter>include</Filter>
    </ClInclude>
    <ClInclude Include="include\Object.h">
      <Filter>include</Filter>
    </ClInclude>
    <ClInclude Include="include\TimeUpdater.h">
      <Filter>include</Filter>
    </ClInclude>
    <ClInclude Include="include\Colliders.h" />
    <ClInclude Include="include\ObjectComponent.h" />
    <ClInclude Include="include\Shapes.h" />
    <ClInclude Include="include\ColliderImpl.hpp" />
  </ItemGroup>
  <ItemGroup>
    <ClCompile Include="src\Rigidbody.cpp">
      <Filter>Source Files</Filter>
    </ClCompile>
    <ClCompile Include="src\WorldObject.cpp">
      <Filter>Source Files</Filter>
    </ClCompile>
    <ClCompile Include="src\TimeUpdater.cpp">
      <Filter>Source Files</Filter>
    </ClCompile>
    <ClCompile Include="src\World.cpp">
      <Filter>Source Files</Filter>
    </ClCompile>
    <ClCompile Include="src\Point2d.cpp">
      <Filter>Source Files</Filter>
    </ClCompile>
    <ClCompile Include="src\ObjectComponents.cpp">
      <Filter>Source Files</Filter>
    </ClCompile>
    <ClCompile Include="src\Colliders.cpp">
      <Filter>Source Files</Filter>
    </ClCompile>
  </ItemGroup>
</Project>